
Microsoft Visual Studio Solution File, Format Version 12.00
# Visual Studio Version 17
VisualStudioVersion = 17.5.002.0
MinimumVisualStudioVersion = 10.0.40219.1
Project("{9A19103F-16F7-4668-BE54-9A1E7A4F7556}") = "TemperatureConverter", "TemperatureConverter.csproj", "{56398E83-5C72-4082-AC2C-FFE089FDF3E1}"
EndProject
Global
	GlobalSection(SolutionConfigurationPlatforms) = preSolution
		Debug|Any CPU = Debug|Any CPU
		Release|Any CPU = Release|Any CPU
	EndGlobalSection
	GlobalSection(ProjectConfigurationPlatforms) = postSolution
		{56398E83-5C72-4082-AC2C-FFE089FDF3E1}.Debug|Any CPU.ActiveCfg = Debug|Any CPU
		{56398E83-5C72-4082-AC2C-FFE089FDF3E1}.Debug|Any CPU.Build.0 = Debug|Any CPU
		{56398E83-5C72-4082-AC2C-FFE089FDF3E1}.Release|Any CPU.ActiveCfg = Release|Any CPU
		{56398E83-5C72-4082-AC2C-FFE089FDF3E1}.Release|Any CPU.Build.0 = Release|Any CPU
	EndGlobalSection
	GlobalSection(SolutionProperties) = preSolution
		HideSolutionNode = FALSE
	EndGlobalSection
	GlobalSection(ExtensibilityGlobals) = postSolution
		SolutionGuid = {E4D9E004-495D-4177-BCC5-1E95AA6C90AC}
	EndGlobalSection
EndGlobal
